
Microsoft Visual Studio Solution File, Format Version 12.00
# Visual Studio 15
VisualStudioVersion = 15.0.26124.0
MinimumVisualStudioVersion = 15.0.26124.0
Project("{FAE04EC0-301F-11D3-BF4B-00C04F79EFBC}") = "application", "Api.Application\application.csproj", "{3382A4A5-922B-4612-8B94-DE7A7A24DAF8}"
EndProject
Project("{FAE04EC0-301F-11D3-BF4B-00C04F79EFBC}") = "Domain", "Api.Domain\Domain.csproj", "{71D1C23B-2A28-4ED7-BCEE-CE068D2BA204}"
EndProject
Project("{FAE04EC0-301F-11D3-BF4B-00C04F79EFBC}") = "CrossCuting", "Api.CrossCuting\CrossCuting.csproj", "{14972141-D66D-4D10-AB2B-3399AAA0E4B9}"
EndProject
Project("{FAE04EC0-301F-11D3-BF4B-00C04F79EFBC}") = "Data", "Api.Data\Data.csproj", "{E003BF74-7AC3-49CE-923B-39C982324419}"
EndProject
Project("{FAE04EC0-301F-11D3-BF4B-00C04F79EFBC}") = "Service", "Api.Service\Service.csproj", "{B53C933C-16C6-409D-882D-8BA2F16C46CC}"
EndProject
Project("{FAE04EC0-301F-11D3-BF4B-00C04F79EFBC}") = "Api.Data.Test", "Api.Data.Test\Api.Data.Test.csproj", "{77F8F3B4-F79B-41C4-8898-7D13A3024445}"
EndProject
Project("{FAE04EC0-301F-11D3-BF4B-00C04F79EFBC}") = "Api.Service.Test", "Api.Service.Test\Api.Service.Test.csproj", "{9F14C1AC-540F-44A7-9806-5EF80849F859}"
EndProject
Project("{FAE04EC0-301F-11D3-BF4B-00C04F79EFBC}") = "Api.Application.Test", "Api.Application.Test\Api.Application.Test.csproj", "{7CECE787-865C-42BD-A492-AA2CEED4FF29}"
EndProject
Project("{FAE04EC0-301F-11D3-BF4B-00C04F79EFBC}") = "Api.Integration.Test", "Api.Integration.Test\Api.Integration.Test.csproj", "{563678C6-B135-4A88-8A76-1E848FA10EC5}"
EndProject
Global
	GlobalSection(SolutionConfigurationPlatforms) = preSolution
		Debug|Any CPU = Debug|Any CPU
		Debug|x64 = Debug|x64
		Debug|x86 = Debug|x86
		Release|Any CPU = Release|Any CPU
		Release|x64 = Release|x64
		Release|x86 = Release|x86
	EndGlobalSection
	GlobalSection(SolutionProperties) = preSolution
		HideSolutionNode = FALSE
	EndGlobalSection
	GlobalSection(ProjectConfigurationPlatforms) = postSolution
		{3382A4A5-922B-4612-8B94-DE7A7A24DAF8}.Debug|Any CPU.ActiveCfg = Debug|Any CPU
		{3382A4A5-922B-4612-8B94-DE7A7A24DAF8}.Debug|Any CPU.Build.0 = Debug|Any CPU
		{3382A4A5-922B-4612-8B94-DE7A7A24DAF8}.Debug|x64.ActiveCfg = Debug|Any CPU
		{3382A4A5-922B-4612-8B94-DE7A7A24DAF8}.Debug|x64.Build.0 = Debug|Any CPU
		{3382A4A5-922B-4612-8B94-DE7A7A24DAF8}.Debug|x86.ActiveCfg = Debug|Any CPU
		{3382A4A5-922B-4612-8B94-DE7A7A24DAF8}.Debug|x86.Build.0 = Debug|Any CPU
		{3382A4A5-922B-4612-8B94-DE7A7A24DAF8}.Release|Any CPU.ActiveCfg = Release|Any CPU
		{3382A4A5-922B-4612-8B94-DE7A7A24DAF8}.Release|Any CPU.Build.0 = Release|Any CPU
		{3382A4A5-922B-4612-8B94-DE7A7A24DAF8}.Release|x64.ActiveCfg = Release|Any CPU
		{3382A4A5-922B-4612-8B94-DE7A7A24DAF8}.Release|x64.Build.0 = Release|Any CPU
		{3382A4A5-922B-4612-8B94-DE7A7A24DAF8}.Release|x86.ActiveCfg = Release|Any CPU
		{3382A4A5-922B-4612-8B94-DE7A7A24DAF8}.Release|x86.Build.0 = Release|Any CPU
		{71D1C23B-2A28-4ED7-BCEE-CE068D2BA204}.Debug|Any CPU.ActiveCfg = Debug|Any CPU
		{71D1C23B-2A28-4ED7-BCEE-CE068D2BA204}.Debug|Any CPU.Build.0 = Debug|Any CPU
		{71D1C23B-2A28-4ED7-BCEE-CE068D2BA204}.Debug|x64.ActiveCfg = Debug|Any CPU
		{71D1C23B-2A28-4ED7-BCEE-CE068D2BA204}.Debug|x64.Build.0 = Debug|Any CPU
		{71D1C23B-2A28-4ED7-BCEE-CE068D2BA204}.Debug|x86.ActiveCfg = Debug|Any CPU
		{71D1C23B-2A28-4ED7-BCEE-CE068D2BA204}.Debug|x86.Build.0 = Debug|Any CPU
		{71D1C23B-2A28-4ED7-BCEE-CE068D2BA204}.Release|Any CPU.ActiveCfg = Release|Any CPU
		{71D1C23B-2A28-4ED7-BCEE-CE068D2BA204}.Release|Any CPU.Build.0 = Release|Any CPU
		{71D1C23B-2A28-4ED7-BCEE-CE068D2BA204}.Release|x64.ActiveCfg = Release|Any CPU
		{71D1C23B-2A28-4ED7-BCEE-CE068D2BA204}.Release|x64.Build.0 = Release|Any CPU
		{71D1C23B-2A28-4ED7-BCEE-CE068D2BA204}.Release|x86.ActiveCfg = Release|Any CPU
		{71D1C23B-2A28-4ED7-BCEE-CE068D2BA204}.Release|x86.Build.0 = Release|Any CPU
		{14972141-D66D-4D10-AB2B-3399AAA0E4B9}.Debug|Any CPU.ActiveCfg = Debug|Any CPU
		{14972141-D66D-4D10-AB2B-3399AAA0E4B9}.Debug|Any CPU.Build.0 = Debug|Any CPU
		{14972141-D66D-4D10-AB2B-3399AAA0E4B9}.Debug|x64.ActiveCfg = Debug|Any CPU
		{14972141-D66D-4D10-AB2B-3399AAA0E4B9}.Debug|x64.Build.0 = Debug|Any CPU
		{14972141-D66D-4D10-AB2B-3399AAA0E4B9}.Debug|x86.ActiveCfg = Debug|Any CPU
		{14972141-D66D-4D10-AB2B-3399AAA0E4B9}.Debug|x86.Build.0 = Debug|Any CPU
		{14972141-D66D-4D10-AB2B-3399AAA0E4B9}.Release|Any CPU.ActiveCfg = Release|Any CPU
		{14972141-D66D-4D10-AB2B-3399AAA0E4B9}.Release|Any CPU.Build.0 = Release|Any CPU
		{14972141-D66D-4D10-AB2B-3399AAA0E4B9}.Release|x64.ActiveCfg = Release|Any CPU
		{14972141-D66D-4D10-AB2B-3399AAA0E4B9}.Release|x64.Build.0 = Release|Any CPU
		{14972141-D66D-4D10-AB2B-3399AAA0E4B9}.Release|x86.ActiveCfg = Release|Any CPU
		{14972141-D66D-4D10-AB2B-3399AAA0E4B9}.Release|x86.Build.0 = Release|Any CPU
		{E003BF74-7AC3-49CE-923B-39C982324419}.Debug|Any CPU.ActiveCfg = Debug|Any CPU
		{E003BF74-7AC3-49CE-923B-39C982324419}.Debug|Any CPU.Build.0 = Debug|Any CPU
		{E003BF74-7AC3-49CE-923B-39C982324419}.Debug|x64.ActiveCfg = Debug|Any CPU
		{E003BF74-7AC3-49CE-923B-39C982324419}.Debug|x64.Build.0 = Debug|Any CPU
		{E003BF74-7AC3-49CE-923B-39C982324419}.Debug|x86.ActiveCfg = Debug|Any CPU
		{E003BF74-7AC3-49CE-923B-39C982324419}.Debug|x86.Build.0 = Debug|Any CPU
		{E003BF74-7AC3-49CE-923B-39C982324419}.Release|Any CPU.ActiveCfg = Release|Any CPU
		{E003BF74-7AC3-49CE-923B-39C982324419}.Release|Any CPU.Build.0 = Release|Any CPU
		{E003BF74-7AC3-49CE-923B-39C982324419}.Release|x64.ActiveCfg = Release|Any CPU
		{E003BF74-7AC3-49CE-923B-39C982324419}.Release|x64.Build.0 = Release|Any CPU
		{E003BF74-7AC3-49CE-923B-39C982324419}.Release|x86.ActiveCfg = Release|Any CPU
		{E003BF74-7AC3-49CE-923B-39C982324419}.Release|x86.Build.0 = Release|Any CPU
		{B53C933C-16C6-409D-882D-8BA2F16C46CC}.Debug|Any CPU.ActiveCfg = Debug|Any CPU
		{B53C933C-16C6-409D-882D-8BA2F16C46CC}.Debug|Any CPU.Build.0 = Debug|Any CPU
		{B53C933C-16C6-409D-882D-8BA2F16C46CC}.Debug|x64.ActiveCfg = Debug|Any CPU
		{B53C933C-16C6-409D-882D-8BA2F16C46CC}.Debug|x64.Build.0 = Debug|Any CPU
		{B53C933C-16C6-409D-882D-8BA2F16C46CC}.Debug|x86.ActiveCfg = Debug|Any CPU
		{B53C933C-16C6-409D-882D-8BA2F16C46CC}.Debug|x86.Build.0 = Debug|Any CPU
		{B53C933C-16C6-409D-882D-8BA2F16C46CC}.Release|Any CPU.ActiveCfg = Release|Any CPU
		{B53C933C-16C6-409D-882D-8BA2F16C46CC}.Release|Any CPU.Build.0 = Release|Any CPU
		{B53C933C-16C6-409D-882D-8BA2F16C46CC}.Release|x64.ActiveCfg = Release|Any CPU
		{B53C933C-16C6-409D-882D-8BA2F16C46CC}.Release|x64.Build.0 = Release|Any CPU
		{B53C933C-16C6-409D-882D-8BA2F16C46CC}.Release|x86.ActiveCfg = Release|Any CPU
		{B53C933C-16C6-409D-882D-8BA2F16C46CC}.Release|x86.Build.0 = Release|Any CPU
		{77F8F3B4-F79B-41C4-8898-7D13A3024445}.Debug|Any CPU.ActiveCfg = Debug|Any CPU
		{77F8F3B4-F79B-41C4-8898-7D13A3024445}.Debug|Any CPU.Build.0 = Debug|Any CPU
		{77F8F3B4-F79B-41C4-8898-7D13A3024445}.Debug|x64.ActiveCfg = Debug|Any CPU
		{77F8F3B4-F79B-41C4-8898-7D13A3024445}.Debug|x64.Build.0 = Debug|Any CPU
		{77F8F3B4-F79B-41C4-8898-7D13A3024445}.Debug|x86.ActiveCfg = Debug|Any CPU
		{77F8F3B4-F79B-41C4-8898-7D13A3024445}.Debug|x86.Build.0 = Debug|Any CPU
		{77F8F3B4-F79B-41C4-8898-7D13A3024445}.Release|Any CPU.ActiveCfg = Release|Any CPU
		{77F8F3B4-F79B-41C4-8898-7D13A3024445}.Release|Any CPU.Build.0 = Release|Any CPU
		{77F8F3B4-F79B-41C4-8898-7D13A3024445}.Release|x64.ActiveCfg = Release|Any CPU
		{77F8F3B4-F79B-41C4-8898-7D13A3024445}.Release|x64.Build.0 = Release|Any CPU
		{77F8F3B4-F79B-41C4-8898-7D13A3024445}.Release|x86.ActiveCfg = Release|Any CPU
		{77F8F3B4-F79B-41C4-8898-7D13A3024445}.Release|x86.Build.0 = Release|Any CPU
		{9F14C1AC-540F-44A7-9806-5EF80849F859}.Debug|Any CPU.ActiveCfg = Debug|Any CPU
		{9F14C1AC-540F-44A7-9806-5EF80849F859}.Debug|Any CPU.Build.0 = Debug|Any CPU
		{9F14C1AC-540F-44A7-9806-5EF80849F859}.Debug|x64.ActiveCfg = Debug|Any CPU
		{9F14C1AC-540F-44A7-9806-5EF80849F859}.Debug|x64.Build.0 = Debug|Any CPU
		{9F14C1AC-540F-44A7-9806-5EF80849F859}.Debug|x86.ActiveCfg = Debug|Any CPU
		{9F14C1AC-540F-44A7-9806-5EF80849F859}.Debug|x86.Build.0 = Debug|Any CPU
		{9F14C1AC-540F-44A7-9806-5EF80849F859}.Release|Any CPU.ActiveCfg = Release|Any CPU
		{9F14C1AC-540F-44A7-9806-5EF80849F859}.Release|Any CPU.Build.0 = Release|Any CPU
		{9F14C1AC-540F-44A7-9806-5EF80849F859}.Release|x64.ActiveCfg = Release|Any CPU
		{9F14C1AC-540F-44A7-9806-5EF80849F859}.Release|x64.Build.0 = Release|Any CPU
		{9F14C1AC-540F-44A7-9806-5EF80849F859}.Release|x86.ActiveCfg = Release|Any CPU
		{9F14C1AC-540F-44A7-9806-5EF80849F859}.Release|x86.Build.0 = Release|Any CPU
		{7CECE787-865C-42BD-A492-AA2CEED4FF29}.Debug|Any CPU.ActiveCfg = Debug|Any CPU
		{7CECE787-865C-42BD-A492-AA2CEED4FF29}.Debug|Any CPU.Build.0 = Debug|Any CPU
		{7CECE787-865C-42BD-A492-AA2CEED4FF29}.Debug|x64.ActiveCfg = Debug|Any CPU
		{7CECE787-865C-42BD-A492-AA2CEED4FF29}.Debug|x64.Build.0 = Debug|Any CPU
		{7CECE787-865C-42BD-A492-AA2CEED4FF29}.Debug|x86.ActiveCfg = Debug|Any CPU
		{7CECE787-865C-42BD-A492-AA2CEED4FF29}.Debug|x86.Build.0 = Debug|Any CPU
		{7CECE787-865C-42BD-A492-AA2CEED4FF29}.Release|Any CPU.ActiveCfg = Release|Any CPU
		{7CECE787-865C-42BD-A492-AA2CEED4FF29}.Release|Any CPU.Build.0 = Release|Any CPU
		{7CECE787-865C-42BD-A492-AA2CEED4FF29}.Release|x64.ActiveCfg = Release|Any CPU
		{7CECE787-865C-42BD-A492-AA2CEED4FF29}.Release|x64.Build.0 = Release|Any CPU
		{7CECE787-865C-42BD-A492-AA2CEED4FF29}.Release|x86.ActiveCfg = Release|Any CPU
		{7CECE787-865C-42BD-A492-AA2CEED4FF29}.Release|x86.Build.0 = Release|Any CPU
		{563678C6-B135-4A88-8A76-1E848FA10EC5}.Debug|Any CPU.ActiveCfg = Debug|Any CPU
		{563678C6-B135-4A88-8A76-1E848FA10EC5}.Debug|Any CPU.Build.0 = Debug|Any CPU
		{563678C6-B135-4A88-8A76-1E848FA10EC5}.Debug|x64.ActiveCfg = Debug|Any CPU
		{563678C6-B135-4A88-8A76-1E848FA10EC5}.Debug|x64.Build.0 = Debug|Any CPU
		{563678C6-B135-4A88-8A76-1E848FA10EC5}.Debug|x86.ActiveCfg = Debug|Any CPU
		{563678C6-B135-4A88-8A76-1E848FA10EC5}.Debug|x86.Build.0 = Debug|Any CPU
		{563678C6-B135-4A88-8A76-1E848FA10EC5}.Release|Any CPU.ActiveCfg = Release|Any CPU
		{563678C6-B135-4A88-8A76-1E848FA10EC5}.Release|Any CPU.Build.0 = Release|Any CPU
		{563678C6-B135-4A88-8A76-1E848FA10EC5}.Release|x64.ActiveCfg = Release|Any CPU
		{563678C6-B135-4A88-8A76-1E848FA10EC5}.Release|x64.Build.0 = Release|Any CPU
		{563678C6-B135-4A88-8A76-1E848FA10EC5}.Release|x86.ActiveCfg = Release|Any CPU
		{563678C6-B135-4A88-8A76-1E848FA10EC5}.Release|x86.Build.0 = Release|Any CPU
	EndGlobalSection
EndGlobal
